// !$*UTF8*$!
{
	archiveVersion = 1;
	classes = {
	};
	objectVersion = 48;
	objects = {

/* Begin PBXBuildFile section */
		9B154D13204E841400788824 /* AppDelegate.swift in Sources */ = {isa = PBXBuildFile; fileRef = 9B154D12204E841400788824 /* AppDelegate.swift */; };
		9B154D16204E841400788824 /* Assets.xcassets in Resources */ = {isa = PBXBuildFile; fileRef = 9B154D15204E841400788824 /* Assets.xcassets */; };
		9B154D21204E841400788824 /* TVMLCarsUITests.swift in Sources */ = {isa = PBXBuildFile; fileRef = 9B154D20204E841400788824 /* TVMLCarsUITests.swift */; };
		9B154D2D204E846000788824 /* Presenter.js in Resources */ = {isa = PBXBuildFile; fileRef = 9B154D2C204E846000788824 /* Presenter.js */; };
		9B154D2F204E846600788824 /* ResourceLoader.js in Resources */ = {isa = PBXBuildFile; fileRef = 9B154D2E204E846600788824 /* ResourceLoader.js */; };
		9B154D35204E847900788824 /* CarsParade.xml.js in Resources */ = {isa = PBXBuildFile; fileRef = 9B154D32204E847900788824 /* CarsParade.xml.js */; };
		9B154D37204E85CF00788824 /* application.js in Resources */ = {isa = PBXBuildFile; fileRef = 9B154D14204E841400788824 /* application.js */; };
		9B154D39204E969F00788824 /* DialogManager.js in Resources */ = {isa = PBXBuildFile; fileRef = 9B154D38204E969F00788824 /* DialogManager.js */; };
/* End PBXBuildFile section */

/* Begin PBXContainerItemProxy section */
		9B154D1D204E841400788824 /* PBXContainerItemProxy */ = {
			isa = PBXContainerItemProxy;
			containerPortal = 9B154D07204E841400788824 /* Project object */;
			proxyType = 1;
			remoteGlobalIDString = 9B154D0E204E841400788824;
			remoteInfo = TVMLCars;
		};
/* End PBXContainerItemProxy section */

/* Begin PBXFileReference section */
		9B154D0F204E841400788824 /* TVMLCars.app */ = {isa = PBXFileReference; explicitFileType = wrapper.application; includeInIndex = 0; path = TVMLCars.app; sourceTree = BUILT_PRODUCTS_DIR; };
		9B154D12204E841400788824 /* AppDelegate.swift */ = {isa = PBXFileReference; lastKnownFileType = sourcecode.swift; path = AppDelegate.swift; sourceTree = "<group>"; };
		9B154D14204E841400788824 /* application.js */ = {isa = PBXFileReference; lastKnownFileType = sourcecode.javascript; path = application.js; sourceTree = "<group>"; };
		9B154D15204E841400788824 /* Assets.xcassets */ = {isa = PBXFileReference; lastKnownFileType = folder.assetcatalog; path = Assets.xcassets; sourceTree = "<group>"; };
		9B154D17204E841400788824 /* Info.plist */ = {isa = PBXFileReference; lastKnownFileType = text.plist.xml; path = Info.plist; sourceTree = "<group>"; };
		9B154D1C204E841400788824 /* TVMLCarsUITests.xctest */ = {isa = PBXFileReference; explicitFileType = wrapper.cfbundle; includeInIndex = 0; path = TVMLCarsUITests.xctest; sourceTree = BUILT_PRODUCTS_DIR; };
		9B154D20204E841400788824 /* TVMLCarsUITests.swift */ = {isa = PBXFileReference; lastKnownFileType = sourcecode.swift; path = TVMLCarsUITests.swift; sourceTree = "<group>"; };
		9B154D22204E841400788824 /* Info.plist */ = {isa = PBXFileReference; lastKnownFileType = text.plist.xml; path = Info.plist; sourceTree = "<group>"; };
		9B154D2C204E846000788824 /* Presenter.js */ = {isa = PBXFileReference; fileEncoding = 4; lastKnownFileType = sourcecode.javascript; path = Presenter.js; sourceTree = "<group>"; };
		9B154D2E204E846600788824 /* ResourceLoader.js */ = {isa = PBXFileReference; fileEncoding = 4; lastKnownFileType = sourcecode.javascript; path = ResourceLoader.js; sourceTree = "<group>"; };
		9B154D32204E847900788824 /* CarsParade.xml.js */ = {isa = PBXFileReference; fileEncoding = 4; lastKnownFileType = sourcecode.javascript; path = CarsParade.xml.js; sourceTree = "<group>"; };
		9B154D38204E969F00788824 /* DialogManager.js */ = {isa = PBXFileReference; lastKnownFileType = sourcecode.javascript; path = DialogManager.js; sourceTree = "<group>"; };
/* End PBXFileReference section */

/* Begin PBXFrameworksBuildPhase section */
		9B154D0C204E841400788824 /* Frameworks */ = {
			isa = PBXFrameworksBuildPhase;
			buildActionMask = 2147483647;
			files = (
			);
			runOnlyForDeploymentPostprocessing = 0;
		};
		9B154D19204E841400788824 /* Frameworks */ = {
			isa = PBXFrameworksBuildPhase;
			buildActionMask = 2147483647;
			files = (
			);
			runOnlyForDeploymentPostprocessing = 0;
		};
/* End PBXFrameworksBuildPhase section */

/* Begin PBXGroup section */
		9B154D06204E841400788824 = {
			isa = PBXGroup;
			children = (
				9B154D11204E841400788824 /* TVMLCars */,
				9B154D1F204E841400788824 /* TVMLCarsUITests */,
				9B154D10204E841400788824 /* Products */,
			);
			sourceTree = "<group>";
		};
		9B154D10204E841400788824 /* Products */ = {
			isa = PBXGroup;
			children = (
				9B154D0F204E841400788824 /* TVMLCars.app */,
				9B154D1C204E841400788824 /* TVMLCarsUITests.xctest */,
			);
			name = Products;
			sourceTree = "<group>";
		};
		9B154D11204E841400788824 /* TVMLCars */ = {
			isa = PBXGroup;
			children = (
				9B154D12204E841400788824 /* AppDelegate.swift */,
				9B154D2B204E844C00788824 /* js */,
				9B154D15204E841400788824 /* Assets.xcassets */,
				9B154D17204E841400788824 /* Info.plist */,
			);
			path = TVMLCars;
			sourceTree = "<group>";
		};
		9B154D1F204E841400788824 /* TVMLCarsUITests */ = {
			isa = PBXGroup;
			children = (
				9B154D20204E841400788824 /* TVMLCarsUITests.swift */,
				9B154D22204E841400788824 /* Info.plist */,
			);
			path = TVMLCarsUITests;
			sourceTree = "<group>";
		};
		9B154D2B204E844C00788824 /* js */ = {
			isa = PBXGroup;
			children = (
				9B154D14204E841400788824 /* application.js */,
				9B154D2E204E846600788824 /* ResourceLoader.js */,
				9B154D2C204E846000788824 /* Presenter.js */,
				9B154D38204E969F00788824 /* DialogManager.js */,
				9B154D30204E846E00788824 /* templates */,
			);
			path = js;
			sourceTree = "<group>";
		};
		9B154D30204E846E00788824 /* templates */ = {
			isa = PBXGroup;
			children = (
				9B154D32204E847900788824 /* CarsParade.xml.js */,
			);
			path = templates;
			sourceTree = "<group>";
		};
/* End PBXGroup section */

/* Begin PBXNativeTarget section */
		9B154D0E204E841400788824 /* TVMLCars */ = {
			isa = PBXNativeTarget;
			buildConfigurationList = 9B154D25204E841400788824 /* Build configuration list for PBXNativeTarget "TVMLCars" */;
			buildPhases = (
				9B154D0B204E841400788824 /* Sources */,
				9B154D0C204E841400788824 /* Frameworks */,
				9B154D0D204E841400788824 /* Resources */,
			);
			buildRules = (
			);
			dependencies = (
			);
			name = TVMLCars;
			productName = TVMLCars;
			productReference = 9B154D0F204E841400788824 /* TVMLCars.app */;
			productType = "com.apple.product-type.application";
		};
		9B154D1B204E841400788824 /* TVMLCarsUITests */ = {
			isa = PBXNativeTarget;
			buildConfigurationList = 9B154D28204E841400788824 /* Build configuration list for PBXNativeTarget "TVMLCarsUITests" */;
			buildPhases = (
				9B154D18204E841400788824 /* Sources */,
				9B154D19204E841400788824 /* Frameworks */,
				9B154D1A204E841400788824 /* Resources */,
			);
			buildRules = (
			);
			dependencies = (
				9B154D1E204E841400788824 /* PBXTargetDependency */,
			);
			name = TVMLCarsUITests;
			productName = TVMLCarsUITests;
			productReference = 9B154D1C204E841400788824 /* TVMLCarsUITests.xctest */;
			productType = "com.apple.product-type.bundle.ui-testing";
		};
/* End PBXNativeTarget section */

/* Begin PBXProject section */
		9B154D07204E841400788824 /* Project object */ = {
			isa = PBXProject;
			attributes = {
				LastSwiftUpdateCheck = 0920;
				LastUpgradeCheck = 0920;
				ORGANIZATIONNAME = "Hellen Soloviy";
				TargetAttributes = {
					9B154D0E204E841400788824 = {
						CreatedOnToolsVersion = 9.2;
						ProvisioningStyle = Automatic;
					};
					9B154D1B204E841400788824 = {
						CreatedOnToolsVersion = 9.2;
						ProvisioningStyle = Automatic;
						TestTargetID = 9B154D0E204E841400788824;
					};
				};
			};
			buildConfigurationList = 9B154D0A204E841400788824 /* Build configuration list for PBXProject "TVMLCars" */;
			compatibilityVersion = "Xcode 8.0";
			developmentRegion = en;
			hasScannedForEncodings = 0;
			knownRegions = (
				en,
			);
			mainGroup = 9B154D06204E841400788824;
			productRefGroup = 9B154D10204E841400788824 /* Products */;
			projectDirPath = "";
			projectRoot = "";
			targets = (
				9B154D0E204E841400788824 /* TVMLCars */,
				9B154D1B204E841400788824 /* TVMLCarsUITests */,
			);
		};
/* End PBXProject section */

/* Begin PBXResourcesBuildPhase section */
		9B154D0D204E841400788824 /* Resources */ = {
			isa = PBXResourcesBuildPhase;
			buildActionMask = 2147483647;
			files = (
				9B154D2F204E846600788824 /* ResourceLoader.js in Resources */,
				9B154D16204E841400788824 /* Assets.xcassets in Resources */,
				9B154D39204E969F00788824 /* DialogManager.js in Resources */,
				9B154D2D204E846000788824 /* Presenter.js in Resources */,
				9B154D37204E85CF00788824 /* application.js in Resources */,
				9B154D35204E847900788824 /* CarsParade.xml.js in Resources */,
			);
			runOnlyForDeploymentPostprocessing = 0;
		};
		9B154D1A204E841400788824 /* Resources */ = {
			isa = PBXResourcesBuildPhase;
			buildActionMask = 2147483647;
			files = (
			);
			runOnlyForDeploymentPostprocessing = 0;
		};
/* End PBXResourcesBuildPhase section */

/* Begin PBXSourcesBuildPhase section */
		9B154D0B204E841400788824 /* Sources */ = {
			isa = PBXSourcesBuildPhase;
			buildActionMask = 2147483647;
			files = (
				9B154D13204E841400788824 /* AppDelegate.swift in Sources */,
			);
			runOnlyForDeploymentPostprocessing = 0;
		};
		9B154D18204E841400788824 /* Sources */ = {
			isa = PBXSourcesBuildPhase;
			buildActionMask = 2147483647;
			files = (
				9B154D21204E841400788824 /* TVMLCarsUITests.swift in Sources */,
			);
			runOnlyForDeploymentPostprocessing = 0;
		};
/* End PBXSourcesBuildPhase section */

/* Begin PBXTargetDependency section */
		9B154D1E204E841400788824 /* PBXTargetDependency */ = {
			isa = PBXTargetDependency;
			target = 9B154D0E204E841400788824 /* TVMLCars */;
			targetProxy = 9B154D1D204E841400788824 /* PBXContainerItemProxy */;
		};
/* End PBXTargetDependency section */

/* Begin XCBuildConfiguration section */
		9B154D23204E841400788824 /* Debug */ = {
			isa = XCBuildConfiguration;
			buildSettings = {
				ALWAYS_SEARCH_USER_PATHS = NO;
				CLANG_ANALYZER_NONNULL = YES;
				CLANG_ANALYZER_NUMBER_OBJECT_CONVERSION = YES_AGGRESSIVE;
				CLANG_CXX_LANGUAGE_STANDARD = "gnu++14";
				CLANG_CXX_LIBRARY = "libc++";
				CLANG_ENABLE_MODULES = YES;
				CLANG_ENABLE_OBJC_ARC = YES;
				CLANG_WARN_BLOCK_CAPTURE_AUTORELEASING = YES;
				CLANG_WARN_BOOL_CONVERSION = YES;
				CLANG_WARN_COMMA = YES;
				CLANG_WARN_CONSTANT_CONVERSION = YES;
				CLANG_WARN_DIRECT_OBJC_ISA_USAGE = YES_ERROR;
				CLANG_WARN_DOCUMENTATION_COMMENTS = YES;
				CLANG_WARN_EMPTY_BODY = YES;
				CLANG_WARN_ENUM_CONVERSION = YES;
				CLANG_WARN_INFINITE_RECURSION = YES;
				CLANG_WARN_INT_CONVERSION = YES;
				CLANG_WARN_NON_LITERAL_NULL_CONVERSION = YES;
				CLANG_WARN_OBJC_LITERAL_CONVERSION = YES;
				CLANG_WARN_OBJC_ROOT_CLASS = YES_ERROR;
				CLANG_WARN_RANGE_LOOP_ANALYSIS = YES;
				CLANG_WARN_STRICT_PROTOTYPES = YES;
				CLANG_WARN_SUSPICIOUS_MOVE = YES;
				CLANG_WARN_UNGUARDED_AVAILABILITY = YES_AGGRESSIVE;
				CLANG_WARN_UNREACHABLE_CODE = YES;
				CLANG_WARN__DUPLICATE_METHOD_MATCH = YES;
				COPY_PHASE_STRIP = NO;
				DEBUG_INFORMATION_FORMAT = dwarf;
				ENABLE_STRICT_OBJC_MSGSEND = YES;
				ENABLE_TESTABILITY = YES;
				GCC_C_LANGUAGE_STANDARD = gnu11;
				GCC_DYNAMIC_NO_PIC = NO;
				GCC_NO_COMMON_BLOCKS = YES;
				GCC_OPTIMIZATION_LEVEL = 0;
				GCC_PREPROCESSOR_DEFINITIONS = (
					"DEBUG=1",
					"$(inherited)",
				);
				GCC_WARN_64_TO_32_BIT_CONVERSION = YES;
				GCC_WARN_ABOUT_RETURN_TYPE = YES_ERROR;
				GCC_WARN_UNDECLARED_SELECTOR = YES;
				GCC_WARN_UNINITIALIZED_AUTOS = YES_AGGRESSIVE;
				GCC_WARN_UNUSED_FUNCTION = YES;
				GCC_WARN_UNUSED_VARIABLE = YES;
				MTL_ENABLE_DEBUG_INFO = YES;
				ONLY_ACTIVE_ARCH = YES;
				SDKROOT = appletvos;
				SWIFT_ACTIVE_COMPILATION_CONDITIONS = DEBUG;
				SWIFT_OPTIMIZATION_LEVEL = "-Onone";
				TVOS_DEPLOYMENT_TARGET = 11.2;
			};
			name = Debug;
		};
		9B154D24204E841400788824 /* Release */ = {
			isa = XCBuildConfiguration;
			buildSettings = {
				ALWAYS_SEARCH_USER_PATHS = NO;
				CLANG_ANALYZER_NONNULL = YES;
				CLANG_ANALYZER_NUMBER_OBJECT_CONVERSION = YES_AGGRESSIVE;
				CLANG_CXX_LANGUAGE_STANDARD = "gnu++14";
				CLANG_CXX_LIBRARY = "libc++";
				CLANG_ENABLE_MODULES = YES;
				CLANG_ENABLE_OBJC_ARC = YES;
				CLANG_WARN_BLOCK_CAPTURE_AUTORELEASING = YES;
				CLANG_WARN_BOOL_CONVERSION = YES;
				CLANG_WARN_COMMA = YES;
				CLANG_WARN_CONSTANT_CONVERSION = YES;
				CLANG_WARN_DIRECT_OBJC_ISA_USAGE = YES_ERROR;
				CLANG_WARN_DOCUMENTATION_COMMENTS = YES;
				CLANG_WARN_EMPTY_BODY = YES;
				CLANG_WARN_ENUM_CONVERSION = YES;
				CLANG_WARN_INFINITE_RECURSION = YES;
				CLANG_WARN_INT_CONVERSION = YES;
				CLANG_WARN_NON_LITERAL_NULL_CONVERSION = YES;
				CLANG_WARN_OBJC_LITERAL_CONVERSION = YES;
				CLANG_WARN_OBJC_ROOT_CLASS = YES_ERROR;
				CLANG_WARN_RANGE_LOOP_ANALYSIS = YES;
				CLANG_WARN_STRICT_PROTOTYPES = YES;
				CLANG_WARN_SUSPICIOUS_MOVE = YES;
				CLANG_WARN_UNGUARDED_AVAILABILITY = YES_AGGRESSIVE;
				CLANG_WARN_UNREACHABLE_CODE = YES;
				CLANG_WARN__DUPLICATE_METHOD_MATCH = YES;
				COPY_PHASE_STRIP = NO;
				DEBUG_INFORMATION_FORMAT = "dwarf-with-dsym";
				ENABLE_NS_ASSERTIONS = NO;
				ENABLE_STRICT_OBJC_MSGSEND = YES;
				GCC_C_LANGUAGE_STANDARD = gnu11;
				GCC_NO_COMMON_BLOCKS = YES;
				GCC_WARN_64_TO_32_BIT_CONVERSION = YES;
				GCC_WARN_ABOUT_RETURN_TYPE = YES_ERROR;
				GCC_WARN_UNDECLARED_SELECTOR = YES;
				GCC_WARN_UNINITIALIZED_AUTOS = YES_AGGRESSIVE;
				GCC_WARN_UNUSED_FUNCTION = YES;
				GCC_WARN_UNUSED_VARIABLE = YES;
				MTL_ENABLE_DEBUG_INFO = NO;
				SDKROOT = appletvos;
				SWIFT_OPTIMIZATION_LEVEL = "-Owholemodule";
				TVOS_DEPLOYMENT_TARGET = 11.2;
				VALIDATE_PRODUCT = YES;
			};
			name = Release;
		};
		9B154D26204E841400788824 /* Debug */ = {
			isa = XCBuildConfiguration;
			buildSettings = {
				ASSETCATALOG_COMPILER_APPICON_NAME = "App Icon & Top Shelf Image";
				ASSETCATALOG_COMPILER_LAUNCHIMAGE_NAME = LaunchImage;
				CODE_SIGN_STYLE = Automatic;
				DEVELOPMENT_TEAM = 57NTVVM6G2;
				INFOPLIST_FILE = TVMLCars/Info.plist;
				LD_RUNPATH_SEARCH_PATHS = "$(inherited) @executable_path/Frameworks";
				PRODUCT_BUNDLE_IDENTIFIER = hellios.TVMLCars;
				PRODUCT_NAME = "$(TARGET_NAME)";
				SWIFT_VERSION = 4.0;
				TARGETED_DEVICE_FAMILY = 3;
			};
			name = Debug;
		};
		9B154D27204E841400788824 /* Release */ = {
			isa = XCBuildConfiguration;
			buildSettings = {
				ASSETCATALOG_COMPILER_APPICON_NAME = "App Icon & Top Shelf Image";
				ASSETCATALOG_COMPILER_LAUNCHIMAGE_NAME = LaunchImage;
				CODE_SIGN_STYLE = Automatic;
				DEVELOPMENT_TEAM = 57NTVVM6G2;
				INFOPLIST_FILE = TVMLCars/Info.plist;
				LD_RUNPATH_SEARCH_PATHS = "$(inherited) @executable_path/Frameworks";
				PRODUCT_BUNDLE_IDENTIFIER = hellios.TVMLCars;
				PRODUCT_NAME = "$(TARGET_NAME)";
				SWIFT_VERSION = 4.0;
				TARGETED_DEVICE_FAMILY = 3;
			};
			name = Release;
		};
		9B154D29204E841400788824 /* Debug */ = {
			isa = XCBuildConfiguration;
			buildSettings = {
				ALWAYS_EMBED_SWIFT_STANDARD_LIBRARIES = YES;
				CODE_SIGN_STYLE = Automatic;
				DEVELOPMENT_TEAM = 57NTVVM6G2;
				INFOPLIST_FILE = TVMLCarsUITests/Info.plist;
				LD_RUNPATH_SEARCH_PATHS = "$(inherited) @executable_path/Frameworks @loader_path/Frameworks";
				PRODUCT_BUNDLE_IDENTIFIER = hellios.TVMLCarsUITests;
				PRODUCT_NAME = "$(TARGET_NAME)";
				SWIFT_VERSION = 4.0;
				TARGETED_DEVICE_FAMILY = 3;
				TEST_TARGET_NAME = TVMLCars;
			};
			name = Debug;
		};
		9B154D2A204E841400788824 /* Release */ = {
			isa = XCBuildConfiguration;
			buildSettings = {
				ALWAYS_EMBED_SWIFT_STANDARD_LIBRARIES = YES;
				CODE_SIGN_STYLE = Automatic;
				DEVELOPMENT_TEAM = 57NTVVM6G2;
				INFOPLIST_FILE = TVMLCarsUITests/Info.plist;
				LD_RUNPATH_SEARCH_PATHS = "$(inherited) @executable_path/Frameworks @loader_path/Frameworks";
				PRODUCT_BUNDLE_IDENTIFIER = hellios.TVMLCarsUITests;
				PRODUCT_NAME = "$(TARGET_NAME)";
				SWIFT_VERSION = 4.0;
				TARGETED_DEVICE_FAMILY = 3;
				TEST_TARGET_NAME = TVMLCars;
			};
			name = Release;
		};
/* End XCBuildConfiguration section */

/* Begin XCConfigurationList section */
		9B154D0A204E841400788824 /* Build configuration list for PBXProject "TVMLCars" */ = {
			isa = XCConfigurationList;
			buildConfigurations = (
				9B154D23204E841400788824 /* Debug */,
				9B154D24204E841400788824 /* Release */,
			);
			defaultConfigurationIsVisible = 0;
			defaultConfigurationName = Release;
		};
		9B154D25204E841400788824 /* Build configuration list for PBXNativeTarget "TVMLCars" */ = {
			isa = XCConfigurationList;
			buildConfigurations = (
				9B154D26204E841400788824 /* Debug */,
				9B154D27204E841400788824 /* Release */,
			);
			defaultConfigurationIsVisible = 0;
			defaultConfigurationName = Release;
		};
		9B154D28204E841400788824 /* Build configuration list for PBXNativeTarget "TVMLCarsUITests" */ = {
			isa = XCConfigurationList;
			buildConfigurations = (
				9B154D29204E841400788824 /* Debug */,
				9B154D2A204E841400788824 /* Release */,
			);
			defaultConfigurationIsVisible = 0;
			defaultConfigurationName = Release;
		};
/* End XCConfigurationList section */
	};
	rootObject = 9B154D07204E841400788824 /* Project object */;
}
